{
  "version": "2",
  "remote": {},
  "npm": {
    "specifiers": {
      "create-vite-extra": "create-vite-extra@1.1.0"
    },
    "packages": {
      "create-vite-extra@1.1.0": {
        "integrity": "sha512-Gi5ZLFhgULy6DU9QpZZ6ko4STOrg5dT4/2sCqszjoMZTSyQl1B95eiZaeByBGt+HCSffXAFvhSzkt5iqlqW6eA==",
        "dependencies": {
          "kolorist": "kolorist@1.8.0",
          "minimist": "minimist@1.2.8",
          "prompts": "prompts@2.4.2"
        }
      },
      "kleur@3.0.3": {
        "integrity": "sha512-eTIzlVOSUR+JxdDFepEYcBMtZ9Qqdef+rnzWdRZuMbOywu5tO2w2N7rqjoANZ5k9vywhL6Br1VRjUIgTQx4E8w==",
        "dependencies": {}
      },
      "kolorist@1.8.0": {
        "integrity": "sha512-Y+60/zizpJ3HRH8DCss+q95yr6145JXZo46OTpFvDZWLfRCE4qChOyk1b26nMaNpfHHgxagk9dXT5OP0Tfe+dQ==",
        "dependencies": {}
      },
      "minimist@1.2.8": {
        "integrity": "sha512-2yyAR8qBkN3YuheJanUpWC5U3bb5osDywNB8RzDVlDwDHbocAJveqqj1u8+SVD7jkWT4yvsHCpWqqWqAxb0zCA==",
        "dependencies": {}
      },
      "prompts@2.4.2": {
        "integrity": "sha512-NxNv/kLguCA7p3jE8oL2aEBsrJWgAakBpgmgK6lpPWV+WuOmY6r2/zbAVnP+T8bQlA0nzHXSJSJW0Hq7ylaD2Q==",
        "dependencies": {
          "kleur": "kleur@3.0.3",
          "sisteransi": "sisteransi@1.0.5"
        }
      },
      "sisteransi@1.0.5": {
        "integrity": "sha512-bLGGlR1QxBcynn2d5YmDX4MGjlZvy2MRBDRNHLJ8VI6l6+9FUiyTFNJ0IveOSP0bcXgVDPRcfGqA0pjaqUpfVg==",
        "dependencies": {}
      }
    }
  }
}
