
Microsoft Visual Studio Solution File, Format Version 12.00
# Visual Studio Version 17
VisualStudioVersion = 17.6.33723.286
MinimumVisualStudioVersion = 10.0.40219.1
Project("{9A19103F-16F7-4668-BE54-9A1E7A4F7556}") = "SDK", "SDK.csproj", "{EA991768-09BD-4E17-9250-82BBFECE61EB}"
EndProject
Global
	GlobalSection(SolutionConfigurationPlatforms) = preSolution
		Debug|Any CPU = Debug|Any CPU
		Release|Any CPU = Release|Any CPU
	EndGlobalSection
	GlobalSection(ProjectConfigurationPlatforms) = postSolution
		{EA991768-09BD-4E17-9250-82BBFECE61EB}.Debug|Any CPU.ActiveCfg = Debug|Any CPU
		{EA991768-09BD-4E17-9250-82BBFECE61EB}.Debug|Any CPU.Build.0 = Debug|Any CPU
		{EA991768-09BD-4E17-9250-82BBFECE61EB}.Release|Any CPU.ActiveCfg = Release|Any CPU
		{EA991768-09BD-4E17-9250-82BBFECE61EB}.Release|Any CPU.Build.0 = Release|Any CPU
	EndGlobalSection
	GlobalSection(SolutionProperties) = preSolution
		HideSolutionNode = FALSE
	EndGlobalSection
	GlobalSection(ExtensibilityGlobals) = postSolution
		SolutionGuid = {ECB99540-4FF2-4684-9642-E9060F69893A}
	EndGlobalSection
EndGlobal
